
Microsoft Visual Studio Solution File, Format Version 12.00
# Visual Studio Version 16
VisualStudioVersion = 16.0.31829.152
MinimumVisualStudioVersion = 10.0.40219.1
Project("{FAE04EC0-301F-11D3-BF4B-00C04F79EFBC}") = "WebAPI", "WebAPI\WebAPI.csproj", "{55F33144-C2A9-465F-9AD6-3AF86C070514}"
EndProject
Global
	GlobalSection(SolutionConfigurationPlatforms) = preSolution
		Debug|Any CPU = Debug|Any CPU
		Release|Any CPU = Release|Any CPU
	EndGlobalSection
	GlobalSection(ProjectConfigurationPlatforms) = postSolution
		{55F33144-C2A9-465F-9AD6-3AF86C070514}.Debug|Any CPU.ActiveCfg = Debug|Any CPU
		{55F33144-C2A9-465F-9AD6-3AF86C070514}.Debug|Any CPU.Build.0 = Debug|Any CPU
		{55F33144-C2A9-465F-9AD6-3AF86C070514}.Release|Any CPU.ActiveCfg = Release|Any CPU
		{55F33144-C2A9-465F-9AD6-3AF86C070514}.Release|Any CPU.Build.0 = Release|Any CPU
	EndGlobalSection
	GlobalSection(SolutionProperties) = preSolution
		HideSolutionNode = FALSE
	EndGlobalSection
	GlobalSection(ExtensibilityGlobals) = postSolution
		SolutionGuid = {A4823619-094B-48CF-94B9-34052816AF53}
	EndGlobalSection
EndGlobal
